
Microsoft Visual Studio Solution File, Format Version 12.00
# Visual Studio Version 17
VisualStudioVersion = 17.9.34714.143
MinimumVisualStudioVersion = 10.0.40219.1
Project("{FAE04EC0-301F-11D3-BF4B-00C04F79EFBC}") = "GetMan", "src\GetMan\GetMan.csproj", "{A1B2C3D4-1111-2222-3333-444455556666}"
EndProject
Project("{2150E333-8FDC-42A3-9474-1A3956D46DE8}") = "tools", "tools", "{07C2787E-EAC7-C090-1BA3-A61EC2A24D84}"
EndProject
Project("{FAE04EC0-301F-11D3-BF4B-00C04F79EFBC}") = "SelfTest", "tools\SelfTest\SelfTest.csproj", "{BC60E87A-DD5D-406C-AFFB-6C8C67BBFCE3}"
EndProject
Project("{2150E333-8FDC-42A3-9474-1A3956D46DE8}") = "src", "src", "{827E0CD3-B72D-47B6-A68D-7590B98EB39B}"
EndProject
Project("{FAE04EC0-301F-11D3-BF4B-00C04F79EFBC}") = "GetMan.Cli", "src\GetMan.Cli\GetMan.Cli.csproj", "{618BBBE3-40A0-4571-8432-8017C7E107B2}"
EndProject
Global
	GlobalSection(SolutionConfigurationPlatforms) = preSolution
		Debug|Any CPU = Debug|Any CPU
		Debug|x64 = Debug|x64
		Debug|x86 = Debug|x86
		Release|Any CPU = Release|Any CPU
		Release|x64 = Release|x64
		Release|x86 = Release|x86
	EndGlobalSection
	GlobalSection(ProjectConfigurationPlatforms) = postSolution
		{A1B2C3D4-1111-2222-3333-444455556666}.Debug|Any CPU.ActiveCfg = Debug|Any CPU
		{A1B2C3D4-1111-2222-3333-444455556666}.Debug|Any CPU.Build.0 = Debug|Any CPU
		{A1B2C3D4-1111-2222-3333-444455556666}.Debug|x64.ActiveCfg = Debug|Any CPU
		{A1B2C3D4-1111-2222-3333-444455556666}.Debug|x64.Build.0 = Debug|Any CPU
		{A1B2C3D4-1111-2222-3333-444455556666}.Debug|x86.ActiveCfg = Debug|Any CPU
		{A1B2C3D4-1111-2222-3333-444455556666}.Debug|x86.Build.0 = Debug|Any CPU
		{A1B2C3D4-1111-2222-3333-444455556666}.Release|Any CPU.ActiveCfg = Release|Any CPU
		{A1B2C3D4-1111-2222-3333-444455556666}.Release|Any CPU.Build.0 = Release|Any CPU
		{A1B2C3D4-1111-2222-3333-444455556666}.Release|x64.ActiveCfg = Release|Any CPU
		{A1B2C3D4-1111-2222-3333-444455556666}.Release|x64.Build.0 = Release|Any CPU
		{A1B2C3D4-1111-2222-3333-444455556666}.Release|x86.ActiveCfg = Release|Any CPU
		{A1B2C3D4-1111-2222-3333-444455556666}.Release|x86.Build.0 = Release|Any CPU
		{BC60E87A-DD5D-406C-AFFB-6C8C67BBFCE3}.Debug|Any CPU.ActiveCfg = Debug|Any CPU
		{BC60E87A-DD5D-406C-AFFB-6C8C67BBFCE3}.Debug|Any CPU.Build.0 = Debug|Any CPU
		{BC60E87A-DD5D-406C-AFFB-6C8C67BBFCE3}.Debug|x64.ActiveCfg = Debug|Any CPU
		{BC60E87A-DD5D-406C-AFFB-6C8C67BBFCE3}.Debug|x64.Build.0 = Debug|Any CPU
		{BC60E87A-DD5D-406C-AFFB-6C8C67BBFCE3}.Debug|x86.ActiveCfg = Debug|Any CPU
		{BC60E87A-DD5D-406C-AFFB-6C8C67BBFCE3}.Debug|x86.Build.0 = Debug|Any CPU
		{BC60E87A-DD5D-406C-AFFB-6C8C67BBFCE3}.Release|Any CPU.ActiveCfg = Release|Any CPU
		{BC60E87A-DD5D-406C-AFFB-6C8C67BBFCE3}.Release|Any CPU.Build.0 = Release|Any CPU
		{BC60E87A-DD5D-406C-AFFB-6C8C67BBFCE3}.Release|x64.ActiveCfg = Release|Any CPU
		{BC60E87A-DD5D-406C-AFFB-6C8C67BBFCE3}.Release|x64.Build.0 = Release|Any CPU
		{BC60E87A-DD5D-406C-AFFB-6C8C67BBFCE3}.Release|x86.ActiveCfg = Release|Any CPU
		{BC60E87A-DD5D-406C-AFFB-6C8C67BBFCE3}.Release|x86.Build.0 = Release|Any CPU
		{618BBBE3-40A0-4571-8432-8017C7E107B2}.Debug|Any CPU.ActiveCfg = Debug|Any CPU
		{618BBBE3-40A0-4571-8432-8017C7E107B2}.Debug|Any CPU.Build.0 = Debug|Any CPU
		{618BBBE3-40A0-4571-8432-8017C7E107B2}.Debug|x64.ActiveCfg = Debug|Any CPU
		{618BBBE3-40A0-4571-8432-8017C7E107B2}.Debug|x64.Build.0 = Debug|Any CPU
		{618BBBE3-40A0-4571-8432-8017C7E107B2}.Debug|x86.ActiveCfg = Debug|Any CPU
		{618BBBE3-40A0-4571-8432-8017C7E107B2}.Debug|x86.Build.0 = Debug|Any CPU
		{618BBBE3-40A0-4571-8432-8017C7E107B2}.Release|Any CPU.ActiveCfg = Release|Any CPU
		{618BBBE3-40A0-4571-8432-8017C7E107B2}.Release|Any CPU.Build.0 = Release|Any CPU
		{618BBBE3-40A0-4571-8432-8017C7E107B2}.Release|x64.ActiveCfg = Release|Any CPU
		{618BBBE3-40A0-4571-8432-8017C7E107B2}.Release|x64.Build.0 = Release|Any CPU
		{618BBBE3-40A0-4571-8432-8017C7E107B2}.Release|x86.ActiveCfg = Release|Any CPU
		{618BBBE3-40A0-4571-8432-8017C7E107B2}.Release|x86.Build.0 = Release|Any CPU
	EndGlobalSection
	GlobalSection(SolutionProperties) = preSolution
		HideSolutionNode = FALSE
	EndGlobalSection
	GlobalSection(NestedProjects) = preSolution
		{BC60E87A-DD5D-406C-AFFB-6C8C67BBFCE3} = {07C2787E-EAC7-C090-1BA3-A61EC2A24D84}
		{618BBBE3-40A0-4571-8432-8017C7E107B2} = {827E0CD3-B72D-47B6-A68D-7590B98EB39B}
	EndGlobalSection
EndGlobal
